// !$*UTF8*$!
{
	archiveVersion = 1;
	classes = {
	};
	objectVersion = 56;
	objects = {

/* Begin PBXBuildFile section */
		717685C029BCB4410077C15D /* Friends_DasFreundebuchApp.swift in Sources */ = {isa = PBXBuildFile; fileRef = 717685BF29BCB4410077C15D /* Friends_DasFreundebuchApp.swift */; };
		717685C229BCB4410077C15D /* ContentView.swift in Sources */ = {isa = PBXBuildFile; fileRef = 717685C129BCB4410077C15D /* ContentView.swift */; };
		717685C429BCB4430077C15D /* Assets.xcassets in Resources */ = {isa = PBXBuildFile; fileRef = 717685C329BCB4430077C15D /* Assets.xcassets */; };
		717685C729BCB4430077C15D /* Preview Assets.xcassets in Resources */ = {isa = PBXBuildFile; fileRef = 717685C629BCB4430077C15D /* Preview Assets.xcassets */; };
		717685D129BCB4430077C15D /* Friends_DasFreundebuchTests.swift in Sources */ = {isa = PBXBuildFile; fileRef = 717685D029BCB4430077C15D /* Friends_DasFreundebuchTests.swift */; };
		717685DB29BCB4430077C15D /* Friends_DasFreundebuchUITests.swift in Sources */ = {isa = PBXBuildFile; fileRef = 717685DA29BCB4430077C15D /* Friends_DasFreundebuchUITests.swift */; };
		717685DD29BCB4430077C15D /* Friends_DasFreundebuchUITestsLaunchTests.swift in Sources */ = {isa = PBXBuildFile; fileRef = 717685DC29BCB4430077C15D /* Friends_DasFreundebuchUITestsLaunchTests.swift */; };
		717685EB29BCCA4A0077C15D /* FriendsListView.swift in Sources */ = {isa = PBXBuildFile; fileRef = 717685EA29BCCA4A0077C15D /* FriendsListView.swift */; };
/* End PBXBuildFile section */

/* Begin PBXContainerItemProxy section */
		717685CD29BCB4430077C15D /* PBXContainerItemProxy */ = {
			isa = PBXContainerItemProxy;
			containerPortal = 717685B429BCB4410077C15D /* Project object */;
			proxyType = 1;
			remoteGlobalIDString = 717685BB29BCB4410077C15D;
			remoteInfo = "Friends-DasFreundebuch";
		};
		717685D729BCB4430077C15D /* PBXContainerItemProxy */ = {
			isa = PBXContainerItemProxy;
			containerPortal = 717685B429BCB4410077C15D /* Project object */;
			proxyType = 1;
			remoteGlobalIDString = 717685BB29BCB4410077C15D;
			remoteInfo = "Friends-DasFreundebuch";
		};
/* End PBXContainerItemProxy section */

/* Begin PBXFileReference section */
		717685BC29BCB4410077C15D /* Friends-DasFreundebuch.app */ = {isa = PBXFileReference; explicitFileType = wrapper.application; includeInIndex = 0; path = "Friends-DasFreundebuch.app"; sourceTree = BUILT_PRODUCTS_DIR; };
		717685BF29BCB4410077C15D /* Friends_DasFreundebuchApp.swift */ = {isa = PBXFileReference; lastKnownFileType = sourcecode.swift; path = Friends_DasFreundebuchApp.swift; sourceTree = "<group>"; };
		717685C129BCB4410077C15D /* ContentView.swift */ = {isa = PBXFileReference; lastKnownFileType = sourcecode.swift; path = ContentView.swift; sourceTree = "<group>"; };
		717685C329BCB4430077C15D /* Assets.xcassets */ = {isa = PBXFileReference; lastKnownFileType = folder.assetcatalog; path = Assets.xcassets; sourceTree = "<group>"; };
		717685C629BCB4430077C15D /* Preview Assets.xcassets */ = {isa = PBXFileReference; lastKnownFileType = folder.assetcatalog; path = "Preview Assets.xcassets"; sourceTree = "<group>"; };
		717685CC29BCB4430077C15D /* Friends-DasFreundebuchTests.xctest */ = {isa = PBXFileReference; explicitFileType = wrapper.cfbundle; includeInIndex = 0; path = "Friends-DasFreundebuchTests.xctest"; sourceTree = BUILT_PRODUCTS_DIR; };
		717685D029BCB4430077C15D /* Friends_DasFreundebuchTests.swift */ = {isa = PBXFileReference; lastKnownFileType = sourcecode.swift; path = Friends_DasFreundebuchTests.swift; sourceTree = "<group>"; };
		717685D629BCB4430077C15D /* Friends-DasFreundebuchUITests.xctest */ = {isa = PBXFileReference; explicitFileType = wrapper.cfbundle; includeInIndex = 0; path = "Friends-DasFreundebuchUITests.xctest"; sourceTree = BUILT_PRODUCTS_DIR; };
		717685DA29BCB4430077C15D /* Friends_DasFreundebuchUITests.swift */ = {isa = PBXFileReference; lastKnownFileType = sourcecode.swift; path = Friends_DasFreundebuchUITests.swift; sourceTree = "<group>"; };
		717685DC29BCB4430077C15D /* Friends_DasFreundebuchUITestsLaunchTests.swift */ = {isa = PBXFileReference; lastKnownFileType = sourcecode.swift; path = Friends_DasFreundebuchUITestsLaunchTests.swift; sourceTree = "<group>"; };
		717685EA29BCCA4A0077C15D /* FriendsListView.swift */ = {isa = PBXFileReference; lastKnownFileType = sourcecode.swift; path = FriendsListView.swift; sourceTree = "<group>"; };
/* End PBXFileReference section */

/* Begin PBXFrameworksBuildPhase section */
		717685B929BCB4410077C15D /* Frameworks */ = {
			isa = PBXFrameworksBuildPhase;
			buildActionMask = 2147483647;
			files = (
			);
			runOnlyForDeploymentPostprocessing = 0;
		};
		717685C929BCB4430077C15D /* Frameworks */ = {
			isa = PBXFrameworksBuildPhase;
			buildActionMask = 2147483647;
			files = (
			);
			runOnlyForDeploymentPostprocessing = 0;
		};
		717685D329BCB4430077C15D /* Frameworks */ = {
			isa = PBXFrameworksBuildPhase;
			buildActionMask = 2147483647;
			files = (
			);
			runOnlyForDeploymentPostprocessing = 0;
		};
/* End PBXFrameworksBuildPhase section */

/* Begin PBXGroup section */
		717685B329BCB4410077C15D = {
			isa = PBXGroup;
			children = (
				717685BE29BCB4410077C15D /* Friends-DasFreundebuch */,
				717685CF29BCB4430077C15D /* Friends-DasFreundebuchTests */,
				717685D929BCB4430077C15D /* Friends-DasFreundebuchUITests */,
				717685BD29BCB4410077C15D /* Products */,
			);
			sourceTree = "<group>";
		};
		717685BD29BCB4410077C15D /* Products */ = {
			isa = PBXGroup;
			children = (
				717685BC29BCB4410077C15D /* Friends-DasFreundebuch.app */,
				717685CC29BCB4430077C15D /* Friends-DasFreundebuchTests.xctest */,
				717685D629BCB4430077C15D /* Friends-DasFreundebuchUITests.xctest */,
			);
			name = Products;
			sourceTree = "<group>";
		};
		717685BE29BCB4410077C15D /* Friends-DasFreundebuch */ = {
			isa = PBXGroup;
			children = (
				717685E929BCC4390077C15D /* UI */,
				717685BF29BCB4410077C15D /* Friends_DasFreundebuchApp.swift */,
				717685C129BCB4410077C15D /* ContentView.swift */,
				717685C329BCB4430077C15D /* Assets.xcassets */,
				717685C529BCB4430077C15D /* Preview Content */,
			);
			path = "Friends-DasFreundebuch";
			sourceTree = "<group>";
		};
		717685C529BCB4430077C15D /* Preview Content */ = {
			isa = PBXGroup;
			children = (
				717685C629BCB4430077C15D /* Preview Assets.xcassets */,
			);
			path = "Preview Content";
			sourceTree = "<group>";
		};
		717685CF29BCB4430077C15D /* Friends-DasFreundebuchTests */ = {
			isa = PBXGroup;
			children = (
				717685D029BCB4430077C15D /* Friends_DasFreundebuchTests.swift */,
			);
			path = "Friends-DasFreundebuchTests";
			sourceTree = "<group>";
		};
		717685D929BCB4430077C15D /* Friends-DasFreundebuchUITests */ = {
			isa = PBXGroup;
			children = (
				717685DA29BCB4430077C15D /* Friends_DasFreundebuchUITests.swift */,
				717685DC29BCB4430077C15D /* Friends_DasFreundebuchUITestsLaunchTests.swift */,
			);
			path = "Friends-DasFreundebuchUITests";
			sourceTree = "<group>";
		};
		717685E929BCC4390077C15D /* UI */ = {
			isa = PBXGroup;
			children = (
				717685EA29BCCA4A0077C15D /* FriendsListView.swift */,
			);
			path = UI;
			sourceTree = "<group>";
		};
/* End PBXGroup section */

/* Begin PBXNativeTarget section */
		717685BB29BCB4410077C15D /* Friends-DasFreundebuch */ = {
			isa = PBXNativeTarget;
			buildConfigurationList = 717685E029BCB4430077C15D /* Build configuration list for PBXNativeTarget "Friends-DasFreundebuch" */;
			buildPhases = (
				717685B829BCB4410077C15D /* Sources */,
				717685B929BCB4410077C15D /* Frameworks */,
				717685BA29BCB4410077C15D /* Resources */,
			);
			buildRules = (
			);
			dependencies = (
			);
			name = "Friends-DasFreundebuch";
			productName = "Friends-DasFreundebuch";
			productReference = 717685BC29BCB4410077C15D /* Friends-DasFreundebuch.app */;
			productType = "com.apple.product-type.application";
		};
		717685CB29BCB4430077C15D /* Friends-DasFreundebuchTests */ = {
			isa = PBXNativeTarget;
			buildConfigurationList = 717685E329BCB4430077C15D /* Build configuration list for PBXNativeTarget "Friends-DasFreundebuchTests" */;
			buildPhases = (
				717685C829BCB4430077C15D /* Sources */,
				717685C929BCB4430077C15D /* Frameworks */,
				717685CA29BCB4430077C15D /* Resources */,
			);
			buildRules = (
			);
			dependencies = (
				717685CE29BCB4430077C15D /* PBXTargetDependency */,
			);
			name = "Friends-DasFreundebuchTests";
			productName = "Friends-DasFreundebuchTests";
			productReference = 717685CC29BCB4430077C15D /* Friends-DasFreundebuchTests.xctest */;
			productType = "com.apple.product-type.bundle.unit-test";
		};
		717685D529BCB4430077C15D /* Friends-DasFreundebuchUITests */ = {
			isa = PBXNativeTarget;
			buildConfigurationList = 717685E629BCB4430077C15D /* Build configuration list for PBXNativeTarget "Friends-DasFreundebuchUITests" */;
			buildPhases = (
				717685D229BCB4430077C15D /* Sources */,
				717685D329BCB4430077C15D /* Frameworks */,
				717685D429BCB4430077C15D /* Resources */,
			);
			buildRules = (
			);
			dependencies = (
				717685D829BCB4430077C15D /* PBXTargetDependency */,
			);
			name = "Friends-DasFreundebuchUITests";
			productName = "Friends-DasFreundebuchUITests";
			productReference = 717685D629BCB4430077C15D /* Friends-DasFreundebuchUITests.xctest */;
			productType = "com.apple.product-type.bundle.ui-testing";
		};
/* End PBXNativeTarget section */

/* Begin PBXProject section */
		717685B429BCB4410077C15D /* Project object */ = {
			isa = PBXProject;
			attributes = {
				BuildIndependentTargetsInParallel = 1;
				LastSwiftUpdateCheck = 1420;
				LastUpgradeCheck = 1420;
				TargetAttributes = {
					717685BB29BCB4410077C15D = {
						CreatedOnToolsVersion = 14.2;
					};
					717685CB29BCB4430077C15D = {
						CreatedOnToolsVersion = 14.2;
						TestTargetID = 717685BB29BCB4410077C15D;
					};
					717685D529BCB4430077C15D = {
						CreatedOnToolsVersion = 14.2;
						TestTargetID = 717685BB29BCB4410077C15D;
					};
				};
			};
			buildConfigurationList = 717685B729BCB4410077C15D /* Build configuration list for PBXProject "Friends-DasFreundebuch" */;
			compatibilityVersion = "Xcode 14.0";
			developmentRegion = en;
			hasScannedForEncodings = 0;
			knownRegions = (
				en,
				Base,
			);
			mainGroup = 717685B329BCB4410077C15D;
			productRefGroup = 717685BD29BCB4410077C15D /* Products */;
			projectDirPath = "";
			projectRoot = "";
			targets = (
				717685BB29BCB4410077C15D /* Friends-DasFreundebuch */,
				717685CB29BCB4430077C15D /* Friends-DasFreundebuchTests */,
				717685D529BCB4430077C15D /* Friends-DasFreundebuchUITests */,
			);
		};
/* End PBXProject section */

/* Begin PBXResourcesBuildPhase section */
		717685BA29BCB4410077C15D /* Resources */ = {
			isa = PBXResourcesBuildPhase;
			buildActionMask = 2147483647;
			files = (
				717685C729BCB4430077C15D /* Preview Assets.xcassets in Resources */,
				717685C429BCB4430077C15D /* Assets.xcassets in Resources */,
			);
			runOnlyForDeploymentPostprocessing = 0;
		};
		717685CA29BCB4430077C15D /* Resources */ = {
			isa = PBXResourcesBuildPhase;
			buildActionMask = 2147483647;
			files = (
			);
			runOnlyForDeploymentPostprocessing = 0;
		};
		717685D429BCB4430077C15D /* Resources */ = {
			isa = PBXResourcesBuildPhase;
			buildActionMask = 2147483647;
			files = (
			);
			runOnlyForDeploymentPostprocessing = 0;
		};
/* End PBXResourcesBuildPhase section */

/* Begin PBXSourcesBuildPhase section */
		717685B829BCB4410077C15D /* Sources */ = {
			isa = PBXSourcesBuildPhase;
			buildActionMask = 2147483647;
			files = (
				717685C229BCB4410077C15D /* ContentView.swift in Sources */,
				717685C029BCB4410077C15D /* Friends_DasFreundebuchApp.swift in Sources */,
				717685EB29BCCA4A0077C15D /* FriendsListView.swift in Sources */,
			);
			runOnlyForDeploymentPostprocessing = 0;
		};
		717685C829BCB4430077C15D /* Sources */ = {
			isa = PBXSourcesBuildPhase;
			buildActionMask = 2147483647;
			files = (
				717685D129BCB4430077C15D /* Friends_DasFreundebuchTests.swift in Sources */,
			);
			runOnlyForDeploymentPostprocessing = 0;
		};
		717685D229BCB4430077C15D /* Sources */ = {
			isa = PBXSourcesBuildPhase;
			buildActionMask = 2147483647;
			files = (
				717685DB29BCB4430077C15D /* Friends_DasFreundebuchUITests.swift in Sources */,
				717685DD29BCB4430077C15D /* Friends_DasFreundebuchUITestsLaunchTests.swift in Sources */,
			);
			runOnlyForDeploymentPostprocessing = 0;
		};
/* End PBXSourcesBuildPhase section */

/* Begin PBXTargetDependency section */
		717685CE29BCB4430077C15D /* PBXTargetDependency */ = {
			isa = PBXTargetDependency;
			target = 717685BB29BCB4410077C15D /* Friends-DasFreundebuch */;
			targetProxy = 717685CD29BCB4430077C15D /* PBXContainerItemProxy */;
		};
		717685D829BCB4430077C15D /* PBXTargetDependency */ = {
			isa = PBXTargetDependency;
			target = 717685BB29BCB4410077C15D /* Friends-DasFreundebuch */;
			targetProxy = 717685D729BCB4430077C15D /* PBXContainerItemProxy */;
		};
/* End PBXTargetDependency section */

/* Begin XCBuildConfiguration section */
		717685DE29BCB4430077C15D /* Debug */ = {
			isa = XCBuildConfiguration;
			buildSettings = {
				ALWAYS_SEARCH_USER_PATHS = NO;
				CLANG_ANALYZER_NONNULL = YES;
				CLANG_ANALYZER_NUMBER_OBJECT_CONVERSION = YES_AGGRESSIVE;
				CLANG_CXX_LANGUAGE_STANDARD = "gnu++20";
				CLANG_ENABLE_MODULES = YES;
				CLANG_ENABLE_OBJC_ARC = YES;
				CLANG_ENABLE_OBJC_WEAK = YES;
				CLANG_WARN_BLOCK_CAPTURE_AUTORELEASING = YES;
				CLANG_WARN_BOOL_CONVERSION = YES;
				CLANG_WARN_COMMA = YES;
				CLANG_WARN_CONSTANT_CONVERSION = YES;
				CLANG_WARN_DEPRECATED_OBJC_IMPLEMENTATIONS = YES;
				CLANG_WARN_DIRECT_OBJC_ISA_USAGE = YES_ERROR;
				CLANG_WARN_DOCUMENTATION_COMMENTS = YES;
				CLANG_WARN_EMPTY_BODY = YES;
				CLANG_WARN_ENUM_CONVERSION = YES;
				CLANG_WARN_INFINITE_RECURSION = YES;
				CLANG_WARN_INT_CONVERSION = YES;
				CLANG_WARN_NON_LITERAL_NULL_CONVERSION = YES;
				CLANG_WARN_OBJC_IMPLICIT_RETAIN_SELF = YES;
				CLANG_WARN_OBJC_LITERAL_CONVERSION = YES;
				CLANG_WARN_OBJC_ROOT_CLASS = YES_ERROR;
				CLANG_WARN_QUOTED_INCLUDE_IN_FRAMEWORK_HEADER = YES;
				CLANG_WARN_RANGE_LOOP_ANALYSIS = YES;
				CLANG_WARN_STRICT_PROTOTYPES = YES;
				CLANG_WARN_SUSPICIOUS_MOVE = YES;
				CLANG_WARN_UNGUARDED_AVAILABILITY = YES_AGGRESSIVE;
				CLANG_WARN_UNREACHABLE_CODE = YES;
				CLANG_WARN__DUPLICATE_METHOD_MATCH = YES;
				COPY_PHASE_STRIP = NO;
				DEBUG_INFORMATION_FORMAT = dwarf;
				ENABLE_STRICT_OBJC_MSGSEND = YES;
				ENABLE_TESTABILITY = YES;
				GCC_C_LANGUAGE_STANDARD = gnu11;
				GCC_DYNAMIC_NO_PIC = NO;
				GCC_NO_COMMON_BLOCKS = YES;
				GCC_OPTIMIZATION_LEVEL = 0;
				GCC_PREPROCESSOR_DEFINITIONS = (
					"DEBUG=1",
					"$(inherited)",
				);
				GCC_WARN_64_TO_32_BIT_CONVERSION = YES;
				GCC_WARN_ABOUT_RETURN_TYPE = YES_ERROR;
				GCC_WARN_UNDECLARED_SELECTOR = YES;
				GCC_WARN_UNINITIALIZED_AUTOS = YES_AGGRESSIVE;
				GCC_WARN_UNUSED_FUNCTION = YES;
				GCC_WARN_UNUSED_VARIABLE = YES;
				IPHONEOS_DEPLOYMENT_TARGET = 16.2;
				MTL_ENABLE_DEBUG_INFO = INCLUDE_SOURCE;
				MTL_FAST_MATH = YES;
				ONLY_ACTIVE_ARCH = YES;
				SDKROOT = iphoneos;
				SWIFT_ACTIVE_COMPILATION_CONDITIONS = DEBUG;
				SWIFT_OPTIMIZATION_LEVEL = "-Onone";
			};
			name = Debug;
		};
		717685DF29BCB4430077C15D /* Release */ = {
			isa = XCBuildConfiguration;
			buildSettings = {
				ALWAYS_SEARCH_USER_PATHS = NO;
				CLANG_ANALYZER_NONNULL = YES;
				CLANG_ANALYZER_NUMBER_OBJECT_CONVERSION = YES_AGGRESSIVE;
				CLANG_CXX_LANGUAGE_STANDARD = "gnu++20";
				CLANG_ENABLE_MODULES = YES;
				CLANG_ENABLE_OBJC_ARC = YES;
				CLANG_ENABLE_OBJC_WEAK = YES;
				CLANG_WARN_BLOCK_CAPTURE_AUTORELEASING = YES;
				CLANG_WARN_BOOL_CONVERSION = YES;
				CLANG_WARN_COMMA = YES;
				CLANG_WARN_CONSTANT_CONVERSION = YES;
				CLANG_WARN_DEPRECATED_OBJC_IMPLEMENTATIONS = YES;
				CLANG_WARN_DIRECT_OBJC_ISA_USAGE = YES_ERROR;
				CLANG_WARN_DOCUMENTATION_COMMENTS = YES;
				CLANG_WARN_EMPTY_BODY = YES;
				CLANG_WARN_ENUM_CONVERSION = YES;
				CLANG_WARN_INFINITE_RECURSION = YES;
				CLANG_WARN_INT_CONVERSION = YES;
				CLANG_WARN_NON_LITERAL_NULL_CONVERSION = YES;
				CLANG_WARN_OBJC_IMPLICIT_RETAIN_SELF = YES;
				CLANG_WARN_OBJC_LITERAL_CONVERSION = YES;
				CLANG_WARN_OBJC_ROOT_CLASS = YES_ERROR;
				CLANG_WARN_QUOTED_INCLUDE_IN_FRAMEWORK_HEADER = YES;
				CLANG_WARN_RANGE_LOOP_ANALYSIS = YES;
				CLANG_WARN_STRICT_PROTOTYPES = YES;
				CLANG_WARN_SUSPICIOUS_MOVE = YES;
				CLANG_WARN_UNGUARDED_AVAILABILITY = YES_AGGRESSIVE;
				CLANG_WARN_UNREACHABLE_CODE = YES;
				CLANG_WARN__DUPLICATE_METHOD_MATCH = YES;
				COPY_PHASE_STRIP = NO;
				DEBUG_INFORMATION_FORMAT = "dwarf-with-dsym";
				ENABLE_NS_ASSERTIONS = NO;
				ENABLE_STRICT_OBJC_MSGSEND = YES;
				GCC_C_LANGUAGE_STANDARD = gnu11;
				GCC_NO_COMMON_BLOCKS = YES;
				GCC_WARN_64_TO_32_BIT_CONVERSION = YES;
				GCC_WARN_ABOUT_RETURN_TYPE = YES_ERROR;
				GCC_WARN_UNDECLARED_SELECTOR = YES;
				GCC_WARN_UNINITIALIZED_AUTOS = YES_AGGRESSIVE;
				GCC_WARN_UNUSED_FUNCTION = YES;
				GCC_WARN_UNUSED_VARIABLE = YES;
				IPHONEOS_DEPLOYMENT_TARGET = 16.2;
				MTL_ENABLE_DEBUG_INFO = NO;
				MTL_FAST_MATH = YES;
				SDKROOT = iphoneos;
				SWIFT_COMPILATION_MODE = wholemodule;
				SWIFT_OPTIMIZATION_LEVEL = "-O";
				VALIDATE_PRODUCT = YES;
			};
			name = Release;
		};
		717685E129BCB4430077C15D /* Debug */ = {
			isa = XCBuildConfiguration;
			buildSettings = {
				ASSETCATALOG_COMPILER_APPICON_NAME = AppIcon;
				ASSETCATALOG_COMPILER_GLOBAL_ACCENT_COLOR_NAME = AccentColor;
				CODE_SIGN_STYLE = Automatic;
				CURRENT_PROJECT_VERSION = 1;
				DEVELOPMENT_ASSET_PATHS = "\"Friends-DasFreundebuch/Preview Content\"";
				ENABLE_PREVIEWS = YES;
				GENERATE_INFOPLIST_FILE = YES;
				INFOPLIST_KEY_UIApplicationSceneManifest_Generation = YES;
				INFOPLIST_KEY_UIApplicationSupportsIndirectInputEvents = YES;
				INFOPLIST_KEY_UILaunchScreen_Generation = YES;
				INFOPLIST_KEY_UISupportedInterfaceOrientations_iPad = "UIInterfaceOrientationPortrait UIInterfaceOrientationPortraitUpsideDown UIInterfaceOrientationLandscapeLeft UIInterfaceOrientationLandscapeRight";
				INFOPLIST_KEY_UISupportedInterfaceOrientations_iPhone = "UIInterfaceOrientationPortrait UIInterfaceOrientationLandscapeLeft UIInterfaceOrientationLandscapeRight";
				LD_RUNPATH_SEARCH_PATHS = (
					"$(inherited)",
					"@executable_path/Frameworks",
				);
				MARKETING_VERSION = 1.0;
				PRODUCT_BUNDLE_IDENTIFIER = "at.fhj.msd.Friends-DasFreundebuch";
				PRODUCT_NAME = "$(TARGET_NAME)";
				SWIFT_EMIT_LOC_STRINGS = YES;
				SWIFT_VERSION = 5.0;
				TARGETED_DEVICE_FAMILY = "1,2";
			};
			name = Debug;
		};
		717685E229BCB4430077C15D /* Release */ = {
			isa = XCBuildConfiguration;
			buildSettings = {
				ASSETCATALOG_COMPILER_APPICON_NAME = AppIcon;
				ASSETCATALOG_COMPILER_GLOBAL_ACCENT_COLOR_NAME = AccentColor;
				CODE_SIGN_STYLE = Automatic;
				CURRENT_PROJECT_VERSION = 1;
				DEVELOPMENT_ASSET_PATHS = "\"Friends-DasFreundebuch/Preview Content\"";
				ENABLE_PREVIEWS = YES;
				GENERATE_INFOPLIST_FILE = YES;
				INFOPLIST_KEY_UIApplicationSceneManifest_Generation = YES;
				INFOPLIST_KEY_UIApplicationSupportsIndirectInputEvents = YES;
				INFOPLIST_KEY_UILaunchScreen_Generation = YES;
				INFOPLIST_KEY_UISupportedInterfaceOrientations_iPad = "UIInterfaceOrientationPortrait UIInterfaceOrientationPortraitUpsideDown UIInterfaceOrientationLandscapeLeft UIInterfaceOrientationLandscapeRight";
				INFOPLIST_KEY_UISupportedInterfaceOrientations_iPhone = "UIInterfaceOrientationPortrait UIInterfaceOrientationLandscapeLeft UIInterfaceOrientationLandscapeRight";
				LD_RUNPATH_SEARCH_PATHS = (
					"$(inherited)",
					"@executable_path/Frameworks",
				);
				MARKETING_VERSION = 1.0;
				PRODUCT_BUNDLE_IDENTIFIER = "at.fhj.msd.Friends-DasFreundebuch";
				PRODUCT_NAME = "$(TARGET_NAME)";
				SWIFT_EMIT_LOC_STRINGS = YES;
				SWIFT_VERSION = 5.0;
				TARGETED_DEVICE_FAMILY = "1,2";
			};
			name = Release;
		};
		717685E429BCB4430077C15D /* Debug */ = {
			isa = XCBuildConfiguration;
			buildSettings = {
				ALWAYS_EMBED_SWIFT_STANDARD_LIBRARIES = YES;
				BUNDLE_LOADER = "$(TEST_HOST)";
				CODE_SIGN_STYLE = Automatic;
				CURRENT_PROJECT_VERSION = 1;
				GENERATE_INFOPLIST_FILE = YES;
				IPHONEOS_DEPLOYMENT_TARGET = 16.2;
				MARKETING_VERSION = 1.0;
				PRODUCT_BUNDLE_IDENTIFIER = "at.fhj.msd.Friends-DasFreundebuchTests";
				PRODUCT_NAME = "$(TARGET_NAME)";
				SWIFT_EMIT_LOC_STRINGS = NO;
				SWIFT_VERSION = 5.0;
				TARGETED_DEVICE_FAMILY = "1,2";
				TEST_HOST = "$(BUILT_PRODUCTS_DIR)/Friends-DasFreundebuch.app/$(BUNDLE_EXECUTABLE_FOLDER_PATH)/Friends-DasFreundebuch";
			};
			name = Debug;
		};
		717685E529BCB4430077C15D /* Release */ = {
			isa = XCBuildConfiguration;
			buildSettings = {
				ALWAYS_EMBED_SWIFT_STANDARD_LIBRARIES = YES;
				BUNDLE_LOADER = "$(TEST_HOST)";
				CODE_SIGN_STYLE = Automatic;
				CURRENT_PROJECT_VERSION = 1;
				GENERATE_INFOPLIST_FILE = YES;
				IPHONEOS_DEPLOYMENT_TARGET = 16.2;
				MARKETING_VERSION = 1.0;
				PRODUCT_BUNDLE_IDENTIFIER = "at.fhj.msd.Friends-DasFreundebuchTests";
				PRODUCT_NAME = "$(TARGET_NAME)";
				SWIFT_EMIT_LOC_STRINGS = NO;
				SWIFT_VERSION = 5.0;
				TARGETED_DEVICE_FAMILY = "1,2";
				TEST_HOST = "$(BUILT_PRODUCTS_DIR)/Friends-DasFreundebuch.app/$(BUNDLE_EXECUTABLE_FOLDER_PATH)/Friends-DasFreundebuch";
			};
			name = Release;
		};
		717685E729BCB4430077C15D /* Debug */ = {
			isa = XCBuildConfiguration;
			buildSettings = {
				ALWAYS_EMBED_SWIFT_STANDARD_LIBRARIES = YES;
				CODE_SIGN_STYLE = Automatic;
				CURRENT_PROJECT_VERSION = 1;
				GENERATE_INFOPLIST_FILE = YES;
				MARKETING_VERSION = 1.0;
				PRODUCT_BUNDLE_IDENTIFIER = "at.fhj.msd.Friends-DasFreundebuchUITests";
				PRODUCT_NAME = "$(TARGET_NAME)";
				SWIFT_EMIT_LOC_STRINGS = NO;
				SWIFT_VERSION = 5.0;
				TARGETED_DEVICE_FAMILY = "1,2";
				TEST_TARGET_NAME = "Friends-DasFreundebuch";
			};
			name = Debug;
		};
		717685E829BCB4430077C15D /* Release */ = {
			isa = XCBuildConfiguration;
			buildSettings = {
				ALWAYS_EMBED_SWIFT_STANDARD_LIBRARIES = YES;
				CODE_SIGN_STYLE = Automatic;
				CURRENT_PROJECT_VERSION = 1;
				GENERATE_INFOPLIST_FILE = YES;
				MARKETING_VERSION = 1.0;
				PRODUCT_BUNDLE_IDENTIFIER = "at.fhj.msd.Friends-DasFreundebuchUITests";
				PRODUCT_NAME = "$(TARGET_NAME)";
				SWIFT_EMIT_LOC_STRINGS = NO;
				SWIFT_VERSION = 5.0;
				TARGETED_DEVICE_FAMILY = "1,2";
				TEST_TARGET_NAME = "Friends-DasFreundebuch";
			};
			name = Release;
		};
/* End XCBuildConfiguration section */

/* Begin XCConfigurationList section */
		717685B729BCB4410077C15D /* Build configuration list for PBXProject "Friends-DasFreundebuch" */ = {
			isa = XCConfigurationList;
			buildConfigurations = (
				717685DE29BCB4430077C15D /* Debug */,
				717685DF29BCB4430077C15D /* Release */,
			);
			defaultConfigurationIsVisible = 0;
			defaultConfigurationName = Release;
		};
		717685E029BCB4430077C15D /* Build configuration list for PBXNativeTarget "Friends-DasFreundebuch" */ = {
			isa = XCConfigurationList;
			buildConfigurations = (
				717685E129BCB4430077C15D /* Debug */,
				717685E229BCB4430077C15D /* Release */,
			);
			defaultConfigurationIsVisible = 0;
			defaultConfigurationName = Release;
		};
		717685E329BCB4430077C15D /* Build configuration list for PBXNativeTarget "Friends-DasFreundebuchTests" */ = {
			isa = XCConfigurationList;
			buildConfigurations = (
				717685E429BCB4430077C15D /* Debug */,
				717685E529BCB4430077C15D /* Release */,
			);
			defaultConfigurationIsVisible = 0;
			defaultConfigurationName = Release;
		};
		717685E629BCB4430077C15D /* Build configuration list for PBXNativeTarget "Friends-DasFreundebuchUITests" */ = {
			isa = XCConfigurationList;
			buildConfigurations = (
				717685E729BCB4430077C15D /* Debug */,
				717685E829BCB4430077C15D /* Release */,
			);
			defaultConfigurationIsVisible = 0;
			defaultConfigurationName = Release;
		};
/* End XCConfigurationList section */
	};
	rootObject = 717685B429BCB4410077C15D /* Project object */;
}
